
Microsoft Visual Studio Solution File, Format Version 12.00
# Visual Studio Version 17
VisualStudioVersion = 17.13.35913.81 d17.13
MinimumVisualStudioVersion = 10.0.40219.1
Project("{FAE04EC0-301F-11D3-BF4B-00C04F79EFBC}") = "HelpDeskPIM", "HelpDeskPIM\HelpDeskPIM.csproj", "{CE368C55-1713-494C-84F0-D3458BD76692}"
EndProject
Global
	GlobalSection(SolutionConfigurationPlatforms) = preSolution
		Debug|Any CPU = Debug|Any CPU
		Release|Any CPU = Release|Any CPU
	EndGlobalSection
	GlobalSection(ProjectConfigurationPlatforms) = postSolution
		{CE368C55-1713-494C-84F0-D3458BD76692}.Debug|Any CPU.ActiveCfg = Debug|Any CPU
		{CE368C55-1713-494C-84F0-D3458BD76692}.Debug|Any CPU.Build.0 = Debug|Any CPU
		{CE368C55-1713-494C-84F0-D3458BD76692}.Release|Any CPU.ActiveCfg = Release|Any CPU
		{CE368C55-1713-494C-84F0-D3458BD76692}.Release|Any CPU.Build.0 = Release|Any CPU
	EndGlobalSection
	GlobalSection(SolutionProperties) = preSolution
		HideSolutionNode = FALSE
	EndGlobalSection
	GlobalSection(ExtensibilityGlobals) = postSolution
		SolutionGuid = {63455990-4234-410D-8512-019EC0856A7F}
	EndGlobalSection
EndGlobal
